﻿
Microsoft Visual Studio Solution File, Format Version 12.00
# Visual Studio Version 17
VisualStudioVersion = 17.0.31903.59
MinimumVisualStudioVersion = 10.0.40219.1
Project("{54A90642-561A-4BB1-A94E-469ADEE60C69}") = "web-client", "web-client\web-client.esproj", "{5D7724BD-CF52-4046-9D20-59E04C49E91F}"
EndProject
Project("{FAE04EC0-301F-11D3-BF4B-00C04F79EFBC}") = "TaskMaster.Api", "TaskMaster.Api\TaskMaster.Api.csproj", "{58E7CB7F-78BB-4AD6-AC51-61FE11DD8127}"
EndProject
Global
	GlobalSection(SolutionConfigurationPlatforms) = preSolution
		Debug|Any CPU = Debug|Any CPU
		Debug|x64 = Debug|x64
		Debug|x86 = Debug|x86
		Release|Any CPU = Release|Any CPU
		Release|x64 = Release|x64
		Release|x86 = Release|x86
	EndGlobalSection
	GlobalSection(ProjectConfigurationPlatforms) = postSolution
		{5D7724BD-CF52-4046-9D20-59E04C49E91F}.Debug|Any CPU.ActiveCfg = Debug|Any CPU
		{5D7724BD-CF52-4046-9D20-59E04C49E91F}.Debug|Any CPU.Build.0 = Debug|Any CPU
		{5D7724BD-CF52-4046-9D20-59E04C49E91F}.Debug|x64.ActiveCfg = Debug|Any CPU
		{5D7724BD-CF52-4046-9D20-59E04C49E91F}.Debug|x64.Build.0 = Debug|Any CPU
		{5D7724BD-CF52-4046-9D20-59E04C49E91F}.Debug|x86.ActiveCfg = Debug|Any CPU
		{5D7724BD-CF52-4046-9D20-59E04C49E91F}.Debug|x86.Build.0 = Debug|Any CPU
		{5D7724BD-CF52-4046-9D20-59E04C49E91F}.Release|Any CPU.ActiveCfg = Release|Any CPU
		{5D7724BD-CF52-4046-9D20-59E04C49E91F}.Release|Any CPU.Build.0 = Release|Any CPU
		{5D7724BD-CF52-4046-9D20-59E04C49E91F}.Release|x64.ActiveCfg = Release|Any CPU
		{5D7724BD-CF52-4046-9D20-59E04C49E91F}.Release|x64.Build.0 = Release|Any CPU
		{5D7724BD-CF52-4046-9D20-59E04C49E91F}.Release|x86.ActiveCfg = Release|Any CPU
		{5D7724BD-CF52-4046-9D20-59E04C49E91F}.Release|x86.Build.0 = Release|Any CPU
		{58E7CB7F-78BB-4AD6-AC51-61FE11DD8127}.Debug|Any CPU.ActiveCfg = Debug|Any CPU
		{58E7CB7F-78BB-4AD6-AC51-61FE11DD8127}.Debug|Any CPU.Build.0 = Debug|Any CPU
		{58E7CB7F-78BB-4AD6-AC51-61FE11DD8127}.Debug|x64.ActiveCfg = Debug|Any CPU
		{58E7CB7F-78BB-4AD6-AC51-61FE11DD8127}.Debug|x64.Build.0 = Debug|Any CPU
		{58E7CB7F-78BB-4AD6-AC51-61FE11DD8127}.Debug|x86.ActiveCfg = Debug|Any CPU
		{58E7CB7F-78BB-4AD6-AC51-61FE11DD8127}.Debug|x86.Build.0 = Debug|Any CPU
		{58E7CB7F-78BB-4AD6-AC51-61FE11DD8127}.Release|Any CPU.ActiveCfg = Release|Any CPU
		{58E7CB7F-78BB-4AD6-AC51-61FE11DD8127}.Release|Any CPU.Build.0 = Release|Any CPU
		{58E7CB7F-78BB-4AD6-AC51-61FE11DD8127}.Release|x64.ActiveCfg = Release|Any CPU
		{58E7CB7F-78BB-4AD6-AC51-61FE11DD8127}.Release|x64.Build.0 = Release|Any CPU
		{58E7CB7F-78BB-4AD6-AC51-61FE11DD8127}.Release|x86.ActiveCfg = Release|Any CPU
		{58E7CB7F-78BB-4AD6-AC51-61FE11DD8127}.Release|x86.Build.0 = Release|Any CPU
	EndGlobalSection
	GlobalSection(SolutionProperties) = preSolution
		HideSolutionNode = FALSE
	EndGlobalSection
EndGlobal
